
Microsoft Visual Studio Solution File, Format Version 12.00
# Visual Studio Version 16
VisualStudioVersion = 16.0.31005.135
MinimumVisualStudioVersion = 10.0.40219.1
Project("{9A19103F-16F7-4668-BE54-9A1E7A4F7556}") = "InterviewPractice", "InterviewPractice.csproj", "{A8994E0F-49B5-4C54-A9D7-AA8B36E3B743}"
EndProject
Project("{FAE04EC0-301F-11D3-BF4B-00C04F79EFBC}") = "InterviewPracticeUnitTest", "..\InterviewPracticeUnitTest\InterviewPracticeUnitTest.csproj", "{BF2D4DB6-A105-413C-BBAD-6EE6A73BF826}"
EndProject
Global
	GlobalSection(SolutionConfigurationPlatforms) = preSolution
		Debug|Any CPU = Debug|Any CPU
		Release|Any CPU = Release|Any CPU
	EndGlobalSection
	GlobalSection(ProjectConfigurationPlatforms) = postSolution
		{A8994E0F-49B5-4C54-A9D7-AA8B36E3B743}.Debug|Any CPU.ActiveCfg = Debug|Any CPU
		{A8994E0F-49B5-4C54-A9D7-AA8B36E3B743}.Debug|Any CPU.Build.0 = Debug|Any CPU
		{A8994E0F-49B5-4C54-A9D7-AA8B36E3B743}.Release|Any CPU.ActiveCfg = Release|Any CPU
		{A8994E0F-49B5-4C54-A9D7-AA8B36E3B743}.Release|Any CPU.Build.0 = Release|Any CPU
		{BF2D4DB6-A105-413C-BBAD-6EE6A73BF826}.Debug|Any CPU.ActiveCfg = Debug|Any CPU
		{BF2D4DB6-A105-413C-BBAD-6EE6A73BF826}.Debug|Any CPU.Build.0 = Debug|Any CPU
		{BF2D4DB6-A105-413C-BBAD-6EE6A73BF826}.Release|Any CPU.ActiveCfg = Release|Any CPU
		{BF2D4DB6-A105-413C-BBAD-6EE6A73BF826}.Release|Any CPU.Build.0 = Release|Any CPU
	EndGlobalSection
	GlobalSection(SolutionProperties) = preSolution
		HideSolutionNode = FALSE
	EndGlobalSection
	GlobalSection(ExtensibilityGlobals) = postSolution
		SolutionGuid = {5AB9A88A-F563-4B10-91C9-624AFCC1320F}
	EndGlobalSection
EndGlobal
